
Microsoft Visual Studio Solution File, Format Version 12.00
# Visual Studio Version 17
VisualStudioVersion = 17.3.32811.315
MinimumVisualStudioVersion = 10.0.40219.1
Project("{2150E333-8FDC-42A3-9474-1A3956D46DE8}") = "Solution Items", "Solution Items", "{3DA99C4E-89E3-4049-9C22-0A7EC60D83D8}"
	ProjectSection(SolutionItems) = preProject
		Directory.Build.props = Directory.Build.props
	EndProjectSection
EndProject
Project("{2150E333-8FDC-42A3-9474-1A3956D46DE8}") = "Diagrams", "Diagrams", "{F292CC0F-F44F-41EA-8EFD-A79AA8D86EA4}"
	ProjectSection(SolutionItems) = preProject
		Diagrams\design.puml = Diagrams\design.puml
		Diagrams\game-process.puml = Diagrams\game-process.puml
		Diagrams\game-set.puml = Diagrams\game-set.puml
	EndProjectSection
EndProject
Project("{FAE04EC0-301F-11D3-BF4B-00C04F79EFBC}") = "TicTacToe.Core", "TicTacToe.Core\TicTacToe.Core.csproj", "{754C35AD-DA7A-4B59-AAC2-0667396C01A8}"
EndProject
Project("{FAE04EC0-301F-11D3-BF4B-00C04F79EFBC}") = "TicTacToe.Core.Tests", "TicTacToe.Core.Tests\TicTacToe.Core.Tests.csproj", "{6A12008C-AC15-4BA6-9447-4FE252913A6D}"
EndProject
Project("{FAE04EC0-301F-11D3-BF4B-00C04F79EFBC}") = "TicTacToe.ChatGPT", "TicTacToe.ChatGPT\TicTacToe.ChatGPT.csproj", "{189D2D2B-9505-4C36-A3C0-CB4BDCE1D400}"
EndProject
Project("{FAE04EC0-301F-11D3-BF4B-00C04F79EFBC}") = "TicTacToe.ML", "TicTacToe.ML\TicTacToe.ML.csproj", "{CD40BD71-9321-486F-AF5F-5D1CEE2BDF23}"
EndProject
Project("{FAE04EC0-301F-11D3-BF4B-00C04F79EFBC}") = "Spectre.Console.Test", "Spectre.Console.Test\Spectre.Console.Test.csproj", "{95866F2D-7542-4AC8-BE75-FA773E88E8D1}"
EndProject
Project("{FAE04EC0-301F-11D3-BF4B-00C04F79EFBC}") = "Spectre.Console.Widgets", "Spectre.Console.Widgets\Spectre.Console.Widgets.csproj", "{533C869A-383C-47B5-B061-5FB13E5945C9}"
EndProject
Project("{2150E333-8FDC-42A3-9474-1A3956D46DE8}") = "Avalonia", "Avalonia", "{793B2FD1-C90E-4B68-B1DB-0B3EBB86B12F}"
EndProject
Project("{2150E333-8FDC-42A3-9474-1A3956D46DE8}") = "Functional", "Functional", "{4F607D14-9C92-4946-A7A5-7B21FDAB0FAC}"
EndProject
Project("{FAE04EC0-301F-11D3-BF4B-00C04F79EFBC}") = "TicTacToe.Avalonia", "Avalonia\TicTacToe.Avalonia\TicTacToe.Avalonia.csproj", "{285E2530-1066-438A-AE3E-4EE1FAB92328}"
EndProject
Project("{FAE04EC0-301F-11D3-BF4B-00C04F79EFBC}") = "TicTacToe.Avalonia.Android", "Avalonia\TicTacToe.Avalonia.Android\TicTacToe.Avalonia.Android.csproj", "{7087FDC8-0DEE-4301-A9FD-391B19B633EB}"
EndProject
Project("{FAE04EC0-301F-11D3-BF4B-00C04F79EFBC}") = "TicTacToe.Avalonia.Browser", "Avalonia\TicTacToe.Avalonia.Browser\TicTacToe.Avalonia.Browser.csproj", "{7A78851F-450D-470F-A058-41EC47ABB29B}"
EndProject
Project("{FAE04EC0-301F-11D3-BF4B-00C04F79EFBC}") = "TicTacToe.Avalonia.Desktop", "Avalonia\TicTacToe.Avalonia.Desktop\TicTacToe.Avalonia.Desktop.csproj", "{B200FCED-54CE-4BFD-ADBA-517E5E1BAF81}"
EndProject
Project("{FAE04EC0-301F-11D3-BF4B-00C04F79EFBC}") = "TicTacToe.Avalonia.iOS", "Avalonia\TicTacToe.Avalonia.iOS\TicTacToe.Avalonia.iOS.csproj", "{6D546D34-3471-457E-9C20-BCA6C04EB4C8}"
EndProject
Project("{F2A71F9B-5D33-465A-A702-920D77279786}") = "TicTacToe.FS", "Functional\TicTacToe.FS\TicTacToe.FS.fsproj", "{F598DB2D-1B04-4D88-89E7-D49C296D7233}"
EndProject
Project("{FAE04EC0-301F-11D3-BF4B-00C04F79EFBC}") = "TicTacToe.TestCases", "Functional\TicTacToe.TestCases\TicTacToe.TestCases.csproj", "{DAC4B02F-B233-484F-A103-9490F09E2442}"
EndProject
Project("{F2A71F9B-5D33-465A-A702-920D77279786}") = "TicTacToe.FS.Tests", "Functional\TicTacToe.FS.Tests\TicTacToe.FS.Tests.fsproj", "{606C050F-806F-40C8-9D28-3832C332DF99}"
EndProject
Project("{F2A71F9B-5D33-465A-A702-920D77279786}") = "TicTactToe.Console.MVU", "Functional\TicTactToe.Console.MVU\TicTactToe.Console.MVU.fsproj", "{3E75C536-DE2F-49DD-96CE-8AD23CBA900A}"
EndProject
Project("{2150E333-8FDC-42A3-9474-1A3956D46DE8}") = "Blazor", "Blazor", "{4F698FBC-7735-4CAB-B7B7-41A2BEBDB974}"
EndProject
Project("{FAE04EC0-301F-11D3-BF4B-00C04F79EFBC}") = "TicTacToe.Blazor", "Blazor\TicTacToe.Blazor\TicTacToe.Blazor.csproj", "{BAA38EA0-6873-441B-89B3-CF3274F65510}"
EndProject
Global
	GlobalSection(SolutionConfigurationPlatforms) = preSolution
		Debug|Any CPU = Debug|Any CPU
		Release|Any CPU = Release|Any CPU
	EndGlobalSection
	GlobalSection(ProjectConfigurationPlatforms) = postSolution
		{754C35AD-DA7A-4B59-AAC2-0667396C01A8}.Debug|Any CPU.ActiveCfg = Debug|Any CPU
		{754C35AD-DA7A-4B59-AAC2-0667396C01A8}.Debug|Any CPU.Build.0 = Debug|Any CPU
		{754C35AD-DA7A-4B59-AAC2-0667396C01A8}.Release|Any CPU.ActiveCfg = Release|Any CPU
		{754C35AD-DA7A-4B59-AAC2-0667396C01A8}.Release|Any CPU.Build.0 = Release|Any CPU
		{6A12008C-AC15-4BA6-9447-4FE252913A6D}.Debug|Any CPU.ActiveCfg = Debug|Any CPU
		{6A12008C-AC15-4BA6-9447-4FE252913A6D}.Debug|Any CPU.Build.0 = Debug|Any CPU
		{6A12008C-AC15-4BA6-9447-4FE252913A6D}.Release|Any CPU.ActiveCfg = Release|Any CPU
		{6A12008C-AC15-4BA6-9447-4FE252913A6D}.Release|Any CPU.Build.0 = Release|Any CPU
		{189D2D2B-9505-4C36-A3C0-CB4BDCE1D400}.Debug|Any CPU.ActiveCfg = Debug|Any CPU
		{189D2D2B-9505-4C36-A3C0-CB4BDCE1D400}.Debug|Any CPU.Build.0 = Debug|Any CPU
		{189D2D2B-9505-4C36-A3C0-CB4BDCE1D400}.Release|Any CPU.ActiveCfg = Release|Any CPU
		{189D2D2B-9505-4C36-A3C0-CB4BDCE1D400}.Release|Any CPU.Build.0 = Release|Any CPU
		{CD40BD71-9321-486F-AF5F-5D1CEE2BDF23}.Debug|Any CPU.ActiveCfg = Debug|Any CPU
		{CD40BD71-9321-486F-AF5F-5D1CEE2BDF23}.Debug|Any CPU.Build.0 = Debug|Any CPU
		{CD40BD71-9321-486F-AF5F-5D1CEE2BDF23}.Release|Any CPU.ActiveCfg = Release|Any CPU
		{CD40BD71-9321-486F-AF5F-5D1CEE2BDF23}.Release|Any CPU.Build.0 = Release|Any CPU
		{95866F2D-7542-4AC8-BE75-FA773E88E8D1}.Debug|Any CPU.ActiveCfg = Debug|Any CPU
		{95866F2D-7542-4AC8-BE75-FA773E88E8D1}.Debug|Any CPU.Build.0 = Debug|Any CPU
		{95866F2D-7542-4AC8-BE75-FA773E88E8D1}.Release|Any CPU.ActiveCfg = Release|Any CPU
		{95866F2D-7542-4AC8-BE75-FA773E88E8D1}.Release|Any CPU.Build.0 = Release|Any CPU
		{533C869A-383C-47B5-B061-5FB13E5945C9}.Debug|Any CPU.ActiveCfg = Debug|Any CPU
		{533C869A-383C-47B5-B061-5FB13E5945C9}.Debug|Any CPU.Build.0 = Debug|Any CPU
		{533C869A-383C-47B5-B061-5FB13E5945C9}.Release|Any CPU.ActiveCfg = Release|Any CPU
		{533C869A-383C-47B5-B061-5FB13E5945C9}.Release|Any CPU.Build.0 = Release|Any CPU
		{285E2530-1066-438A-AE3E-4EE1FAB92328}.Debug|Any CPU.ActiveCfg = Debug|Any CPU
		{285E2530-1066-438A-AE3E-4EE1FAB92328}.Debug|Any CPU.Build.0 = Debug|Any CPU
		{285E2530-1066-438A-AE3E-4EE1FAB92328}.Release|Any CPU.ActiveCfg = Release|Any CPU
		{285E2530-1066-438A-AE3E-4EE1FAB92328}.Release|Any CPU.Build.0 = Release|Any CPU
		{7087FDC8-0DEE-4301-A9FD-391B19B633EB}.Debug|Any CPU.ActiveCfg = Debug|Any CPU
		{7087FDC8-0DEE-4301-A9FD-391B19B633EB}.Debug|Any CPU.Build.0 = Debug|Any CPU
		{7087FDC8-0DEE-4301-A9FD-391B19B633EB}.Release|Any CPU.ActiveCfg = Release|Any CPU
		{7087FDC8-0DEE-4301-A9FD-391B19B633EB}.Release|Any CPU.Build.0 = Release|Any CPU
		{7A78851F-450D-470F-A058-41EC47ABB29B}.Debug|Any CPU.ActiveCfg = Debug|Any CPU
		{7A78851F-450D-470F-A058-41EC47ABB29B}.Debug|Any CPU.Build.0 = Debug|Any CPU
		{7A78851F-450D-470F-A058-41EC47ABB29B}.Release|Any CPU.ActiveCfg = Release|Any CPU
		{7A78851F-450D-470F-A058-41EC47ABB29B}.Release|Any CPU.Build.0 = Release|Any CPU
		{B200FCED-54CE-4BFD-ADBA-517E5E1BAF81}.Debug|Any CPU.ActiveCfg = Debug|Any CPU
		{B200FCED-54CE-4BFD-ADBA-517E5E1BAF81}.Debug|Any CPU.Build.0 = Debug|Any CPU
		{B200FCED-54CE-4BFD-ADBA-517E5E1BAF81}.Release|Any CPU.ActiveCfg = Release|Any CPU
		{B200FCED-54CE-4BFD-ADBA-517E5E1BAF81}.Release|Any CPU.Build.0 = Release|Any CPU
		{6D546D34-3471-457E-9C20-BCA6C04EB4C8}.Debug|Any CPU.ActiveCfg = Debug|Any CPU
		{6D546D34-3471-457E-9C20-BCA6C04EB4C8}.Debug|Any CPU.Build.0 = Debug|Any CPU
		{6D546D34-3471-457E-9C20-BCA6C04EB4C8}.Release|Any CPU.ActiveCfg = Release|Any CPU
		{6D546D34-3471-457E-9C20-BCA6C04EB4C8}.Release|Any CPU.Build.0 = Release|Any CPU
		{F598DB2D-1B04-4D88-89E7-D49C296D7233}.Debug|Any CPU.ActiveCfg = Debug|Any CPU
		{F598DB2D-1B04-4D88-89E7-D49C296D7233}.Debug|Any CPU.Build.0 = Debug|Any CPU
		{F598DB2D-1B04-4D88-89E7-D49C296D7233}.Release|Any CPU.ActiveCfg = Release|Any CPU
		{F598DB2D-1B04-4D88-89E7-D49C296D7233}.Release|Any CPU.Build.0 = Release|Any CPU
		{DAC4B02F-B233-484F-A103-9490F09E2442}.Debug|Any CPU.ActiveCfg = Debug|Any CPU
		{DAC4B02F-B233-484F-A103-9490F09E2442}.Debug|Any CPU.Build.0 = Debug|Any CPU
		{DAC4B02F-B233-484F-A103-9490F09E2442}.Release|Any CPU.ActiveCfg = Release|Any CPU
		{DAC4B02F-B233-484F-A103-9490F09E2442}.Release|Any CPU.Build.0 = Release|Any CPU
		{606C050F-806F-40C8-9D28-3832C332DF99}.Debug|Any CPU.ActiveCfg = Debug|Any CPU
		{606C050F-806F-40C8-9D28-3832C332DF99}.Debug|Any CPU.Build.0 = Debug|Any CPU
		{606C050F-806F-40C8-9D28-3832C332DF99}.Release|Any CPU.ActiveCfg = Release|Any CPU
		{606C050F-806F-40C8-9D28-3832C332DF99}.Release|Any CPU.Build.0 = Release|Any CPU
		{3E75C536-DE2F-49DD-96CE-8AD23CBA900A}.Debug|Any CPU.ActiveCfg = Debug|Any CPU
		{3E75C536-DE2F-49DD-96CE-8AD23CBA900A}.Debug|Any CPU.Build.0 = Debug|Any CPU
		{3E75C536-DE2F-49DD-96CE-8AD23CBA900A}.Release|Any CPU.ActiveCfg = Release|Any CPU
		{3E75C536-DE2F-49DD-96CE-8AD23CBA900A}.Release|Any CPU.Build.0 = Release|Any CPU
		{BAA38EA0-6873-441B-89B3-CF3274F65510}.Debug|Any CPU.ActiveCfg = Debug|Any CPU
		{BAA38EA0-6873-441B-89B3-CF3274F65510}.Debug|Any CPU.Build.0 = Debug|Any CPU
		{BAA38EA0-6873-441B-89B3-CF3274F65510}.Release|Any CPU.ActiveCfg = Release|Any CPU
		{BAA38EA0-6873-441B-89B3-CF3274F65510}.Release|Any CPU.Build.0 = Release|Any CPU
	EndGlobalSection
	GlobalSection(SolutionProperties) = preSolution
		HideSolutionNode = FALSE
	EndGlobalSection
	GlobalSection(ExtensibilityGlobals) = postSolution
		SolutionGuid = {83CB65B8-011F-4ED7-BCD3-A6CFA935EF7E}
	EndGlobalSection
	GlobalSection(NestedProjects) = preSolution
		{285E2530-1066-438A-AE3E-4EE1FAB92328} = {793B2FD1-C90E-4B68-B1DB-0B3EBB86B12F}
		{7087FDC8-0DEE-4301-A9FD-391B19B633EB} = {793B2FD1-C90E-4B68-B1DB-0B3EBB86B12F}
		{7A78851F-450D-470F-A058-41EC47ABB29B} = {793B2FD1-C90E-4B68-B1DB-0B3EBB86B12F}
		{B200FCED-54CE-4BFD-ADBA-517E5E1BAF81} = {793B2FD1-C90E-4B68-B1DB-0B3EBB86B12F}
		{6D546D34-3471-457E-9C20-BCA6C04EB4C8} = {793B2FD1-C90E-4B68-B1DB-0B3EBB86B12F}
		{F598DB2D-1B04-4D88-89E7-D49C296D7233} = {4F607D14-9C92-4946-A7A5-7B21FDAB0FAC}
		{DAC4B02F-B233-484F-A103-9490F09E2442} = {4F607D14-9C92-4946-A7A5-7B21FDAB0FAC}
		{606C050F-806F-40C8-9D28-3832C332DF99} = {4F607D14-9C92-4946-A7A5-7B21FDAB0FAC}
		{3E75C536-DE2F-49DD-96CE-8AD23CBA900A} = {4F607D14-9C92-4946-A7A5-7B21FDAB0FAC}
		{BAA38EA0-6873-441B-89B3-CF3274F65510} = {4F698FBC-7735-4CAB-B7B7-41A2BEBDB974}
	EndGlobalSection
EndGlobal
